
Microsoft Visual Studio Solution File, Format Version 12.00
# Visual Studio Version 17
VisualStudioVersion = 17.0.32112.339
MinimumVisualStudioVersion = 10.0.40219.1
Project("{9A19103F-16F7-4668-BE54-9A1E7A4F7556}") = "DataAccess", "ClassLibrary1\DataAccess.csproj", "{A257D2A2-38E5-4886-B539-D15EC125CFB1}"
EndProject
Project("{2150E333-8FDC-42A3-9474-1A3956D46DE8}") = "Solution Items", "Solution Items", "{1BC4B3E7-215A-4CB2-AADA-21EE8BF6B9E6}"
	ProjectSection(SolutionItems) = preProject
		DropDatabase.ps1 = DropDatabase.ps1
	EndProjectSection
EndProject
Project("{2150E333-8FDC-42A3-9474-1A3956D46DE8}") = "Scripts", "Scripts", "{718E08B7-1C1D-4B12-93A4-377C33E1DE74}"
	ProjectSection(SolutionItems) = preProject
		CreateDatabase.ps1 = CreateDatabase.ps1
		CreateDatabase.sql = CreateDatabase.sql
		RebuildDatabase.ps1 = RebuildDatabase.ps1
	EndProjectSection
EndProject
Project("{FAE04EC0-301F-11D3-BF4B-00C04F79EFBC}") = "Data", "Data\Data.csproj", "{9D2E8624-5032-4E24-B073-4F7F5496A005}"
EndProject
Global
	GlobalSection(SolutionConfigurationPlatforms) = preSolution
		Debug|Any CPU = Debug|Any CPU
		Release|Any CPU = Release|Any CPU
	EndGlobalSection
	GlobalSection(ProjectConfigurationPlatforms) = postSolution
		{A257D2A2-38E5-4886-B539-D15EC125CFB1}.Debug|Any CPU.ActiveCfg = Debug|Any CPU
		{A257D2A2-38E5-4886-B539-D15EC125CFB1}.Debug|Any CPU.Build.0 = Debug|Any CPU
		{A257D2A2-38E5-4886-B539-D15EC125CFB1}.Release|Any CPU.ActiveCfg = Release|Any CPU
		{A257D2A2-38E5-4886-B539-D15EC125CFB1}.Release|Any CPU.Build.0 = Release|Any CPU
		{9D2E8624-5032-4E24-B073-4F7F5496A005}.Debug|Any CPU.ActiveCfg = Debug|Any CPU
		{9D2E8624-5032-4E24-B073-4F7F5496A005}.Debug|Any CPU.Build.0 = Debug|Any CPU
		{9D2E8624-5032-4E24-B073-4F7F5496A005}.Release|Any CPU.ActiveCfg = Release|Any CPU
		{9D2E8624-5032-4E24-B073-4F7F5496A005}.Release|Any CPU.Build.0 = Release|Any CPU
	EndGlobalSection
	GlobalSection(SolutionProperties) = preSolution
		HideSolutionNode = FALSE
	EndGlobalSection
	GlobalSection(NestedProjects) = preSolution
		{718E08B7-1C1D-4B12-93A4-377C33E1DE74} = {1BC4B3E7-215A-4CB2-AADA-21EE8BF6B9E6}
	EndGlobalSection
	GlobalSection(ExtensibilityGlobals) = postSolution
		SolutionGuid = {12A6FA7A-01E1-44DF-AB83-83B99B09C857}
	EndGlobalSection
EndGlobal
